
Microsoft Visual Studio Solution File, Format Version 12.00
# Visual Studio 2013
VisualStudioVersion = 12.0.31010.0
MinimumVisualStudioVersion = 10.0.40219.1
Project("{2150E333-8FDC-42A3-9474-1A3956D46DE8}") = ".nuget", ".nuget", "{6E0CD084-88CC-4D28-8CA3-239C0F2F7284}"
	ProjectSection(SolutionItems) = preProject
		.nuget\NuGet.Config = .nuget\NuGet.Config
		.nuget\NuGet.exe = .nuget\NuGet.exe
		.nuget\NuGet.targets = .nuget\NuGet.targets
	EndProjectSection
EndProject
Project("{FAE04EC0-301F-11D3-BF4B-00C04F79EFBC}") = "CacheProvider", "src\CacheProvider\CacheProvider.csproj", "{64105F03-A068-4CA9-8861-B09253BFA5AB}"
EndProject
Project("{FAE04EC0-301F-11D3-BF4B-00C04F79EFBC}") = "CacheProvider.Mongo", "src\CacheProvider.Mongo\CacheProvider.Mongo.csproj", "{EE868CC3-C802-4C95-8800-2E7D2F3E9895}"
EndProject
Project("{FAE04EC0-301F-11D3-BF4B-00C04F79EFBC}") = "CacheProvider.Memory", "src\CacheProvider.Memory\CacheProvider.Memory.csproj", "{26174732-1756-45CD-ADE6-7690127AC9DA}"
EndProject
Project("{2150E333-8FDC-42A3-9474-1A3956D46DE8}") = "Tests", "Tests", "{67AC8F07-BFC0-45CA-9AF2-B9F507946DAE}"
EndProject
Project("{FAE04EC0-301F-11D3-BF4B-00C04F79EFBC}") = "CachProvider.Memory.Tests", "src.test\CachProvider.Memory.Tests\CachProvider.Memory.Tests.csproj", "{4CA3B713-0ED6-4E06-9EDB-02E8E344354C}"
EndProject
Project("{FAE04EC0-301F-11D3-BF4B-00C04F79EFBC}") = "CacheProvider.MongoTests", "src.test\CacheProvider.MongoTests\CacheProvider.MongoTests.csproj", "{FE6E811C-9E11-4F8F-AA4E-CBDDD4D61099}"
EndProject
Project("{FAE04EC0-301F-11D3-BF4B-00C04F79EFBC}") = "CacheProvider.Multi", "src\CacheProvider.Multi\CacheProvider.Multi.csproj", "{24DD64A3-81CA-432B-B9C8-0A8CB9A26F04}"
EndProject
Project("{FAE04EC0-301F-11D3-BF4B-00C04F79EFBC}") = "CacheProviderMultiTests", "src.test\CacheProviderMultiTests\CacheProviderMultiTests.csproj", "{B2080B33-15F8-4170-8A69-4A35A53C63BB}"
EndProject
Global
	GlobalSection(SolutionConfigurationPlatforms) = preSolution
		Debug|Any CPU = Debug|Any CPU
		Release|Any CPU = Release|Any CPU
	EndGlobalSection
	GlobalSection(ProjectConfigurationPlatforms) = postSolution
		{64105F03-A068-4CA9-8861-B09253BFA5AB}.Debug|Any CPU.ActiveCfg = Debug|Any CPU
		{64105F03-A068-4CA9-8861-B09253BFA5AB}.Debug|Any CPU.Build.0 = Debug|Any CPU
		{64105F03-A068-4CA9-8861-B09253BFA5AB}.Release|Any CPU.ActiveCfg = Release|Any CPU
		{64105F03-A068-4CA9-8861-B09253BFA5AB}.Release|Any CPU.Build.0 = Release|Any CPU
		{EE868CC3-C802-4C95-8800-2E7D2F3E9895}.Debug|Any CPU.ActiveCfg = Debug|Any CPU
		{EE868CC3-C802-4C95-8800-2E7D2F3E9895}.Debug|Any CPU.Build.0 = Debug|Any CPU
		{EE868CC3-C802-4C95-8800-2E7D2F3E9895}.Release|Any CPU.ActiveCfg = Release|Any CPU
		{EE868CC3-C802-4C95-8800-2E7D2F3E9895}.Release|Any CPU.Build.0 = Release|Any CPU
		{26174732-1756-45CD-ADE6-7690127AC9DA}.Debug|Any CPU.ActiveCfg = Debug|Any CPU
		{26174732-1756-45CD-ADE6-7690127AC9DA}.Debug|Any CPU.Build.0 = Debug|Any CPU
		{26174732-1756-45CD-ADE6-7690127AC9DA}.Release|Any CPU.ActiveCfg = Release|Any CPU
		{26174732-1756-45CD-ADE6-7690127AC9DA}.Release|Any CPU.Build.0 = Release|Any CPU
		{4CA3B713-0ED6-4E06-9EDB-02E8E344354C}.Debug|Any CPU.ActiveCfg = Debug|Any CPU
		{4CA3B713-0ED6-4E06-9EDB-02E8E344354C}.Debug|Any CPU.Build.0 = Debug|Any CPU
		{4CA3B713-0ED6-4E06-9EDB-02E8E344354C}.Release|Any CPU.ActiveCfg = Release|Any CPU
		{4CA3B713-0ED6-4E06-9EDB-02E8E344354C}.Release|Any CPU.Build.0 = Release|Any CPU
		{FE6E811C-9E11-4F8F-AA4E-CBDDD4D61099}.Debug|Any CPU.ActiveCfg = Debug|Any CPU
		{FE6E811C-9E11-4F8F-AA4E-CBDDD4D61099}.Debug|Any CPU.Build.0 = Debug|Any CPU
		{FE6E811C-9E11-4F8F-AA4E-CBDDD4D61099}.Release|Any CPU.ActiveCfg = Release|Any CPU
		{FE6E811C-9E11-4F8F-AA4E-CBDDD4D61099}.Release|Any CPU.Build.0 = Release|Any CPU
		{24DD64A3-81CA-432B-B9C8-0A8CB9A26F04}.Debug|Any CPU.ActiveCfg = Debug|Any CPU
		{24DD64A3-81CA-432B-B9C8-0A8CB9A26F04}.Debug|Any CPU.Build.0 = Debug|Any CPU
		{24DD64A3-81CA-432B-B9C8-0A8CB9A26F04}.Release|Any CPU.ActiveCfg = Release|Any CPU
		{24DD64A3-81CA-432B-B9C8-0A8CB9A26F04}.Release|Any CPU.Build.0 = Release|Any CPU
		{B2080B33-15F8-4170-8A69-4A35A53C63BB}.Debug|Any CPU.ActiveCfg = Debug|Any CPU
		{B2080B33-15F8-4170-8A69-4A35A53C63BB}.Debug|Any CPU.Build.0 = Debug|Any CPU
		{B2080B33-15F8-4170-8A69-4A35A53C63BB}.Release|Any CPU.ActiveCfg = Release|Any CPU
		{B2080B33-15F8-4170-8A69-4A35A53C63BB}.Release|Any CPU.Build.0 = Release|Any CPU
	EndGlobalSection
	GlobalSection(SolutionProperties) = preSolution
		HideSolutionNode = FALSE
	EndGlobalSection
	GlobalSection(NestedProjects) = preSolution
		{4CA3B713-0ED6-4E06-9EDB-02E8E344354C} = {67AC8F07-BFC0-45CA-9AF2-B9F507946DAE}
		{FE6E811C-9E11-4F8F-AA4E-CBDDD4D61099} = {67AC8F07-BFC0-45CA-9AF2-B9F507946DAE}
		{B2080B33-15F8-4170-8A69-4A35A53C63BB} = {67AC8F07-BFC0-45CA-9AF2-B9F507946DAE}
	EndGlobalSection
EndGlobal
